
Microsoft Visual Studio Solution File, Format Version 12.00
# Visual Studio Version 17
VisualStudioVersion = 17.11.35303.130
MinimumVisualStudioVersion = 10.0.40219.1
Project("{9A19103F-16F7-4668-BE54-9A1E7A4F7556}") = "RedeSocial", "RedeSocial.csproj", "{B4D1B137-67C7-4E09-B5F2-CB06B8A4B833}"
EndProject
Project("{FAE04EC0-301F-11D3-BF4B-00C04F79EFBC}") = "RedeSocialTests", "..\RedeSocialTests\RedeSocialTests.csproj", "{E91A8333-57E7-449B-8891-7B8643545D12}"
EndProject
Global
	GlobalSection(SolutionConfigurationPlatforms) = preSolution
		Debug|Any CPU = Debug|Any CPU
		Release|Any CPU = Release|Any CPU
	EndGlobalSection
	GlobalSection(ProjectConfigurationPlatforms) = postSolution
		{B4D1B137-67C7-4E09-B5F2-CB06B8A4B833}.Debug|Any CPU.ActiveCfg = Debug|Any CPU
		{B4D1B137-67C7-4E09-B5F2-CB06B8A4B833}.Debug|Any CPU.Build.0 = Debug|Any CPU
		{B4D1B137-67C7-4E09-B5F2-CB06B8A4B833}.Release|Any CPU.ActiveCfg = Release|Any CPU
		{B4D1B137-67C7-4E09-B5F2-CB06B8A4B833}.Release|Any CPU.Build.0 = Release|Any CPU
		{E91A8333-57E7-449B-8891-7B8643545D12}.Debug|Any CPU.ActiveCfg = Debug|Any CPU
		{E91A8333-57E7-449B-8891-7B8643545D12}.Debug|Any CPU.Build.0 = Debug|Any CPU
		{E91A8333-57E7-449B-8891-7B8643545D12}.Release|Any CPU.ActiveCfg = Release|Any CPU
		{E91A8333-57E7-449B-8891-7B8643545D12}.Release|Any CPU.Build.0 = Release|Any CPU
	EndGlobalSection
	GlobalSection(SolutionProperties) = preSolution
		HideSolutionNode = FALSE
	EndGlobalSection
	GlobalSection(ExtensibilityGlobals) = postSolution
		SolutionGuid = {991BEEAF-1549-408B-B411-06F19EC33609}
	EndGlobalSection
EndGlobal
